// !$*UTF8*$!
{
	archiveVersion = 1;
	classes = {
	};
	objectVersion = 48;
	objects = {

/* Begin PBXBuildFile section */
		6BBCAB3D2057096A00A20C31 /* AppDelegate.swift in Sources */ = {isa = PBXBuildFile; fileRef = 6BBCAB3C2057096A00A20C31 /* AppDelegate.swift */; };
		6BBCAB3F2057096A00A20C31 /* ViewController.swift in Sources */ = {isa = PBXBuildFile; fileRef = 6BBCAB3E2057096A00A20C31 /* ViewController.swift */; };
		6BBCAB422057096A00A20C31 /* Main.storyboard in Resources */ = {isa = PBXBuildFile; fileRef = 6BBCAB402057096A00A20C31 /* Main.storyboard */; };
		6BBCAB442057096A00A20C31 /* Assets.xcassets in Resources */ = {isa = PBXBuildFile; fileRef = 6BBCAB432057096A00A20C31 /* Assets.xcassets */; };
		6BBCAB472057096A00A20C31 /* LaunchScreen.storyboard in Resources */ = {isa = PBXBuildFile; fileRef = 6BBCAB452057096A00A20C31 /* LaunchScreen.storyboard */; };
		6BBCAB522057096B00A20C31 /* TestTaskTests.swift in Sources */ = {isa = PBXBuildFile; fileRef = 6BBCAB512057096B00A20C31 /* TestTaskTests.swift */; };
		6BBCAB5D2057096B00A20C31 /* TestTaskUITests.swift in Sources */ = {isa = PBXBuildFile; fileRef = 6BBCAB5C2057096B00A20C31 /* TestTaskUITests.swift */; };
/* End PBXBuildFile section */

/* Begin PBXContainerItemProxy section */
		6BBCAB4E2057096A00A20C31 /* PBXContainerItemProxy */ = {
			isa = PBXContainerItemProxy;
			containerPortal = 6BBCAB312057096A00A20C31 /* Project object */;
			proxyType = 1;
			remoteGlobalIDString = 6BBCAB382057096A00A20C31;
			remoteInfo = TestTask;
		};
		6BBCAB592057096B00A20C31 /* PBXContainerItemProxy */ = {
			isa = PBXContainerItemProxy;
			containerPortal = 6BBCAB312057096A00A20C31 /* Project object */;
			proxyType = 1;
			remoteGlobalIDString = 6BBCAB382057096A00A20C31;
			remoteInfo = TestTask;
		};
/* End PBXContainerItemProxy section */

/* Begin PBXFileReference section */
		6BBCAB392057096A00A20C31 /* TestTask.app */ = {isa = PBXFileReference; explicitFileType = wrapper.application; includeInIndex = 0; path = TestTask.app; sourceTree = BUILT_PRODUCTS_DIR; };
		6BBCAB3C2057096A00A20C31 /* AppDelegate.swift */ = {isa = PBXFileReference; lastKnownFileType = sourcecode.swift; path = AppDelegate.swift; sourceTree = "<group>"; };
		6BBCAB3E2057096A00A20C31 /* ViewController.swift */ = {isa = PBXFileReference; lastKnownFileType = sourcecode.swift; path = ViewController.swift; sourceTree = "<group>"; };
		6BBCAB412057096A00A20C31 /* Base */ = {isa = PBXFileReference; lastKnownFileType = file.storyboard; name = Base; path = Base.lproj/Main.storyboard; sourceTree = "<group>"; };
		6BBCAB432057096A00A20C31 /* Assets.xcassets */ = {isa = PBXFileReference; lastKnownFileType = folder.assetcatalog; path = Assets.xcassets; sourceTree = "<group>"; };
		6BBCAB462057096A00A20C31 /* Base */ = {isa = PBXFileReference; lastKnownFileType = file.storyboard; name = Base; path = Base.lproj/LaunchScreen.storyboard; sourceTree = "<group>"; };
		6BBCAB482057096A00A20C31 /* Info.plist */ = {isa = PBXFileReference; lastKnownFileType = text.plist.xml; path = Info.plist; sourceTree = "<group>"; };
		6BBCAB4D2057096A00A20C31 /* TestTaskTests.xctest */ = {isa = PBXFileReference; explicitFileType = wrapper.cfbundle; includeInIndex = 0; path = TestTaskTests.xctest; sourceTree = BUILT_PRODUCTS_DIR; };
		6BBCAB512057096B00A20C31 /* TestTaskTests.swift */ = {isa = PBXFileReference; lastKnownFileType = sourcecode.swift; path = TestTaskTests.swift; sourceTree = "<group>"; };
		6BBCAB532057096B00A20C31 /* Info.plist */ = {isa = PBXFileReference; lastKnownFileType = text.plist.xml; path = Info.plist; sourceTree = "<group>"; };
		6BBCAB582057096B00A20C31 /* TestTaskUITests.xctest */ = {isa = PBXFileReference; explicitFileType = wrapper.cfbundle; includeInIndex = 0; path = TestTaskUITests.xctest; sourceTree = BUILT_PRODUCTS_DIR; };
		6BBCAB5C2057096B00A20C31 /* TestTaskUITests.swift */ = {isa = PBXFileReference; lastKnownFileType = sourcecode.swift; path = TestTaskUITests.swift; sourceTree = "<group>"; };
		6BBCAB5E2057096B00A20C31 /* Info.plist */ = {isa = PBXFileReference; lastKnownFileType = text.plist.xml; path = Info.plist; sourceTree = "<group>"; };
/* End PBXFileReference section */

/* Begin PBXFrameworksBuildPhase section */
		6BBCAB362057096A00A20C31 /* Frameworks */ = {
			isa = PBXFrameworksBuildPhase;
			buildActionMask = 2147483647;
			files = (
			);
			runOnlyForDeploymentPostprocessing = 0;
		};
		6BBCAB4A2057096A00A20C31 /* Frameworks */ = {
			isa = PBXFrameworksBuildPhase;
			buildActionMask = 2147483647;
			files = (
			);
			runOnlyForDeploymentPostprocessing = 0;
		};
		6BBCAB552057096B00A20C31 /* Frameworks */ = {
			isa = PBXFrameworksBuildPhase;
			buildActionMask = 2147483647;
			files = (
			);
			runOnlyForDeploymentPostprocessing = 0;
		};
/* End PBXFrameworksBuildPhase section */

/* Begin PBXGroup section */
		6BBCAB302057096A00A20C31 = {
			isa = PBXGroup;
			children = (
				6BBCAB3B2057096A00A20C31 /* TestTask */,
				6BBCAB502057096A00A20C31 /* TestTaskTests */,
				6BBCAB5B2057096B00A20C31 /* TestTaskUITests */,
				6BBCAB3A2057096A00A20C31 /* Products */,
			);
			sourceTree = "<group>";
		};
		6BBCAB3A2057096A00A20C31 /* Products */ = {
			isa = PBXGroup;
			children = (
				6BBCAB392057096A00A20C31 /* TestTask.app */,
				6BBCAB4D2057096A00A20C31 /* TestTaskTests.xctest */,
				6BBCAB582057096B00A20C31 /* TestTaskUITests.xctest */,
			);
			name = Products;
			sourceTree = "<group>";
		};
		6BBCAB3B2057096A00A20C31 /* TestTask */ = {
			isa = PBXGroup;
			children = (
				6BBCAB3C2057096A00A20C31 /* AppDelegate.swift */,
				6BBCAB3E2057096A00A20C31 /* ViewController.swift */,
				6BBCAB402057096A00A20C31 /* Main.storyboard */,
				6BBCAB432057096A00A20C31 /* Assets.xcassets */,
				6BBCAB452057096A00A20C31 /* LaunchScreen.storyboard */,
				6BBCAB482057096A00A20C31 /* Info.plist */,
			);
			path = TestTask;
			sourceTree = "<group>";
		};
		6BBCAB502057096A00A20C31 /* TestTaskTests */ = {
			isa = PBXGroup;
			children = (
				6BBCAB512057096B00A20C31 /* TestTaskTests.swift */,
				6BBCAB532057096B00A20C31 /* Info.plist */,
			);
			path = TestTaskTests;
			sourceTree = "<group>";
		};
		6BBCAB5B2057096B00A20C31 /* TestTaskUITests */ = {
			isa = PBXGroup;
			children = (
				6BBCAB5C2057096B00A20C31 /* TestTaskUITests.swift */,
				6BBCAB5E2057096B00A20C31 /* Info.plist */,
			);
			path = TestTaskUITests;
			sourceTree = "<group>";
		};
/* End PBXGroup section */

/* Begin PBXNativeTarget section */
		6BBCAB382057096A00A20C31 /* TestTask */ = {
			isa = PBXNativeTarget;
			buildConfigurationList = 6BBCAB612057096B00A20C31 /* Build configuration list for PBXNativeTarget "TestTask" */;
			buildPhases = (
				6BBCAB352057096A00A20C31 /* Sources */,
				6BBCAB362057096A00A20C31 /* Frameworks */,
				6BBCAB372057096A00A20C31 /* Resources */,
			);
			buildRules = (
			);
			dependencies = (
			);
			name = TestTask;
			productName = TestTask;
			productReference = 6BBCAB392057096A00A20C31 /* TestTask.app */;
			productType = "com.apple.product-type.application";
		};
		6BBCAB4C2057096A00A20C31 /* TestTaskTests */ = {
			isa = PBXNativeTarget;
			buildConfigurationList = 6BBCAB642057096B00A20C31 /* Build configuration list for PBXNativeTarget "TestTaskTests" */;
			buildPhases = (
				6BBCAB492057096A00A20C31 /* Sources */,
				6BBCAB4A2057096A00A20C31 /* Frameworks */,
				6BBCAB4B2057096A00A20C31 /* Resources */,
			);
			buildRules = (
			);
			dependencies = (
				6BBCAB4F2057096A00A20C31 /* PBXTargetDependency */,
			);
			name = TestTaskTests;
			productName = TestTaskTests;
			productReference = 6BBCAB4D2057096A00A20C31 /* TestTaskTests.xctest */;
			productType = "com.apple.product-type.bundle.unit-test";
		};
		6BBCAB572057096B00A20C31 /* TestTaskUITests */ = {
			isa = PBXNativeTarget;
			buildConfigurationList = 6BBCAB672057096B00A20C31 /* Build configuration list for PBXNativeTarget "TestTaskUITests" */;
			buildPhases = (
				6BBCAB542057096B00A20C31 /* Sources */,
				6BBCAB552057096B00A20C31 /* Frameworks */,
				6BBCAB562057096B00A20C31 /* Resources */,
			);
			buildRules = (
			);
			dependencies = (
				6BBCAB5A2057096B00A20C31 /* PBXTargetDependency */,
			);
			name = TestTaskUITests;
			productName = TestTaskUITests;
			productReference = 6BBCAB582057096B00A20C31 /* TestTaskUITests.xctest */;
			productType = "com.apple.product-type.bundle.ui-testing";
		};
/* End PBXNativeTarget section */

/* Begin PBXProject section */
		6BBCAB312057096A00A20C31 /* Project object */ = {
			isa = PBXProject;
			attributes = {
				LastSwiftUpdateCheck = 0920;
				LastUpgradeCheck = 0920;
				ORGANIZATIONNAME = "Igor Ryazancev";
				TargetAttributes = {
					6BBCAB382057096A00A20C31 = {
						CreatedOnToolsVersion = 9.2;
						ProvisioningStyle = Automatic;
					};
					6BBCAB4C2057096A00A20C31 = {
						CreatedOnToolsVersion = 9.2;
						ProvisioningStyle = Automatic;
						TestTargetID = 6BBCAB382057096A00A20C31;
					};
					6BBCAB572057096B00A20C31 = {
						CreatedOnToolsVersion = 9.2;
						ProvisioningStyle = Automatic;
						TestTargetID = 6BBCAB382057096A00A20C31;
					};
				};
			};
			buildConfigurationList = 6BBCAB342057096A00A20C31 /* Build configuration list for PBXProject "TestTask" */;
			compatibilityVersion = "Xcode 8.0";
			developmentRegion = en;
			hasScannedForEncodings = 0;
			knownRegions = (
				en,
				Base,
			);
			mainGroup = 6BBCAB302057096A00A20C31;
			productRefGroup = 6BBCAB3A2057096A00A20C31 /* Products */;
			projectDirPath = "";
			projectRoot = "";
			targets = (
				6BBCAB382057096A00A20C31 /* TestTask */,
				6BBCAB4C2057096A00A20C31 /* TestTaskTests */,
				6BBCAB572057096B00A20C31 /* TestTaskUITests */,
			);
		};
/* End PBXProject section */

/* Begin PBXResourcesBuildPhase section */
		6BBCAB372057096A00A20C31 /* Resources */ = {
			isa = PBXResourcesBuildPhase;
			buildActionMask = 2147483647;
			files = (
				6BBCAB472057096A00A20C31 /* LaunchScreen.storyboard in Resources */,
				6BBCAB442057096A00A20C31 /* Assets.xcassets in Resources */,
				6BBCAB422057096A00A20C31 /* Main.storyboard in Resources */,
			);
			runOnlyForDeploymentPostprocessing = 0;
		};
		6BBCAB4B2057096A00A20C31 /* Resources */ = {
			isa = PBXResourcesBuildPhase;
			buildActionMask = 2147483647;
			files = (
			);
			runOnlyForDeploymentPostprocessing = 0;
		};
		6BBCAB562057096B00A20C31 /* Resources */ = {
			isa = PBXResourcesBuildPhase;
			buildActionMask = 2147483647;
			files = (
			);
			runOnlyForDeploymentPostprocessing = 0;
		};
/* End PBXResourcesBuildPhase section */

/* Begin PBXSourcesBuildPhase section */
		6BBCAB352057096A00A20C31 /* Sources */ = {
			isa = PBXSourcesBuildPhase;
			buildActionMask = 2147483647;
			files = (
				6BBCAB3F2057096A00A20C31 /* ViewController.swift in Sources */,
				6BBCAB3D2057096A00A20C31 /* AppDelegate.swift in Sources */,
			);
			runOnlyForDeploymentPostprocessing = 0;
		};
		6BBCAB492057096A00A20C31 /* Sources */ = {
			isa = PBXSourcesBuildPhase;
			buildActionMask = 2147483647;
			files = (
				6BBCAB522057096B00A20C31 /* TestTaskTests.swift in Sources */,
			);
			runOnlyForDeploymentPostprocessing = 0;
		};
		6BBCAB542057096B00A20C31 /* Sources */ = {
			isa = PBXSourcesBuildPhase;
			buildActionMask = 2147483647;
			files = (
				6BBCAB5D2057096B00A20C31 /* TestTaskUITests.swift in Sources */,
			);
			runOnlyForDeploymentPostprocessing = 0;
		};
/* End PBXSourcesBuildPhase section */

/* Begin PBXTargetDependency section */
		6BBCAB4F2057096A00A20C31 /* PBXTargetDependency */ = {
			isa = PBXTargetDependency;
			target = 6BBCAB382057096A00A20C31 /* TestTask */;
			targetProxy = 6BBCAB4E2057096A00A20C31 /* PBXContainerItemProxy */;
		};
		6BBCAB5A2057096B00A20C31 /* PBXTargetDependency */ = {
			isa = PBXTargetDependency;
			target = 6BBCAB382057096A00A20C31 /* TestTask */;
			targetProxy = 6BBCAB592057096B00A20C31 /* PBXContainerItemProxy */;
		};
/* End PBXTargetDependency section */

/* Begin PBXVariantGroup section */
		6BBCAB402057096A00A20C31 /* Main.storyboard */ = {
			isa = PBXVariantGroup;
			children = (
				6BBCAB412057096A00A20C31 /* Base */,
			);
			name = Main.storyboard;
			sourceTree = "<group>";
		};
		6BBCAB452057096A00A20C31 /* LaunchScreen.storyboard */ = {
			isa = PBXVariantGroup;
			children = (
				6BBCAB462057096A00A20C31 /* Base */,
			);
			name = LaunchScreen.storyboard;
			sourceTree = "<group>";
		};
/* End PBXVariantGroup section */

/* Begin XCBuildConfiguration section */
		6BBCAB5F2057096B00A20C31 /* Debug */ = {
			isa = XCBuildConfiguration;
			buildSettings = {
				ALWAYS_SEARCH_USER_PATHS = NO;
				CLANG_ANALYZER_NONNULL = YES;
				CLANG_ANALYZER_NUMBER_OBJECT_CONVERSION = YES_AGGRESSIVE;
				CLANG_CXX_LANGUAGE_STANDARD = "gnu++14";
				CLANG_CXX_LIBRARY = "libc++";
				CLANG_ENABLE_MODULES = YES;
				CLANG_ENABLE_OBJC_ARC = YES;
				CLANG_WARN_BLOCK_CAPTURE_AUTORELEASING = YES;
				CLANG_WARN_BOOL_CONVERSION = YES;
				CLANG_WARN_COMMA = YES;
				CLANG_WARN_CONSTANT_CONVERSION = YES;
				CLANG_WARN_DIRECT_OBJC_ISA_USAGE = YES_ERROR;
				CLANG_WARN_DOCUMENTATION_COMMENTS = YES;
				CLANG_WARN_EMPTY_BODY = YES;
				CLANG_WARN_ENUM_CONVERSION = YES;
				CLANG_WARN_INFINITE_RECURSION = YES;
				CLANG_WARN_INT_CONVERSION = YES;
				CLANG_WARN_NON_LITERAL_NULL_CONVERSION = YES;
				CLANG_WARN_OBJC_LITERAL_CONVERSION = YES;
				CLANG_WARN_OBJC_ROOT_CLASS = YES_ERROR;
				CLANG_WARN_RANGE_LOOP_ANALYSIS = YES;
				CLANG_WARN_STRICT_PROTOTYPES = YES;
				CLANG_WARN_SUSPICIOUS_MOVE = YES;
				CLANG_WARN_UNGUARDED_AVAILABILITY = YES_AGGRESSIVE;
				CLANG_WARN_UNREACHABLE_CODE = YES;
				CLANG_WARN__DUPLICATE_METHOD_MATCH = YES;
				CODE_SIGN_IDENTITY = "iPhone Developer";
				COPY_PHASE_STRIP = NO;
				DEBUG_INFORMATION_FORMAT = dwarf;
				ENABLE_STRICT_OBJC_MSGSEND = YES;
				ENABLE_TESTABILITY = YES;
				GCC_C_LANGUAGE_STANDARD = gnu11;
				GCC_DYNAMIC_NO_PIC = NO;
				GCC_NO_COMMON_BLOCKS = YES;
				GCC_OPTIMIZATION_LEVEL = 0;
				GCC_PREPROCESSOR_DEFINITIONS = (
					"DEBUG=1",
					"$(inherited)",
				);
				GCC_WARN_64_TO_32_BIT_CONVERSION = YES;
				GCC_WARN_ABOUT_RETURN_TYPE = YES_ERROR;
				GCC_WARN_UNDECLARED_SELECTOR = YES;
				GCC_WARN_UNINITIALIZED_AUTOS = YES_AGGRESSIVE;
				GCC_WARN_UNUSED_FUNCTION = YES;
				GCC_WARN_UNUSED_VARIABLE = YES;
				IPHONEOS_DEPLOYMENT_TARGET = 11.2;
				MTL_ENABLE_DEBUG_INFO = YES;
				ONLY_ACTIVE_ARCH = YES;
				SDKROOT = iphoneos;
				SWIFT_ACTIVE_COMPILATION_CONDITIONS = DEBUG;
				SWIFT_OPTIMIZATION_LEVEL = "-Onone";
			};
			name = Debug;
		};
		6BBCAB602057096B00A20C31 /* Release */ = {
			isa = XCBuildConfiguration;
			buildSettings = {
				ALWAYS_SEARCH_USER_PATHS = NO;
				CLANG_ANALYZER_NONNULL = YES;
				CLANG_ANALYZER_NUMBER_OBJECT_CONVERSION = YES_AGGRESSIVE;
				CLANG_CXX_LANGUAGE_STANDARD = "gnu++14";
				CLANG_CXX_LIBRARY = "libc++";
				CLANG_ENABLE_MODULES = YES;
				CLANG_ENABLE_OBJC_ARC = YES;
				CLANG_WARN_BLOCK_CAPTURE_AUTORELEASING = YES;
				CLANG_WARN_BOOL_CONVERSION = YES;
				CLANG_WARN_COMMA = YES;
				CLANG_WARN_CONSTANT_CONVERSION = YES;
				CLANG_WARN_DIRECT_OBJC_ISA_USAGE = YES_ERROR;
				CLANG_WARN_DOCUMENTATION_COMMENTS = YES;
				CLANG_WARN_EMPTY_BODY = YES;
				CLANG_WARN_ENUM_CONVERSION = YES;
				CLANG_WARN_INFINITE_RECURSION = YES;
				CLANG_WARN_INT_CONVERSION = YES;
				CLANG_WARN_NON_LITERAL_NULL_CONVERSION = YES;
				CLANG_WARN_OBJC_LITERAL_CONVERSION = YES;
				CLANG_WARN_OBJC_ROOT_CLASS = YES_ERROR;
				CLANG_WARN_RANGE_LOOP_ANALYSIS = YES;
				CLANG_WARN_STRICT_PROTOTYPES = YES;
				CLANG_WARN_SUSPICIOUS_MOVE = YES;
				CLANG_WARN_UNGUARDED_AVAILABILITY = YES_AGGRESSIVE;
				CLANG_WARN_UNREACHABLE_CODE = YES;
				CLANG_WARN__DUPLICATE_METHOD_MATCH = YES;
				CODE_SIGN_IDENTITY = "iPhone Developer";
				COPY_PHASE_STRIP = NO;
				DEBUG_INFORMATION_FORMAT = "dwarf-with-dsym";
				ENABLE_NS_ASSERTIONS = NO;
				ENABLE_STRICT_OBJC_MSGSEND = YES;
				GCC_C_LANGUAGE_STANDARD = gnu11;
				GCC_NO_COMMON_BLOCKS = YES;
				GCC_WARN_64_TO_32_BIT_CONVERSION = YES;
				GCC_WARN_ABOUT_RETURN_TYPE = YES_ERROR;
				GCC_WARN_UNDECLARED_SELECTOR = YES;
				GCC_WARN_UNINITIALIZED_AUTOS = YES_AGGRESSIVE;
				GCC_WARN_UNUSED_FUNCTION = YES;
				GCC_WARN_UNUSED_VARIABLE = YES;
				IPHONEOS_DEPLOYMENT_TARGET = 11.2;
				MTL_ENABLE_DEBUG_INFO = NO;
				SDKROOT = iphoneos;
				SWIFT_OPTIMIZATION_LEVEL = "-Owholemodule";
				VALIDATE_PRODUCT = YES;
			};
			name = Release;
		};
		6BBCAB622057096B00A20C31 /* Debug */ = {
			isa = XCBuildConfiguration;
			buildSettings = {
				ASSETCATALOG_COMPILER_APPICON_NAME = AppIcon;
				CODE_SIGN_STYLE = Automatic;
				INFOPLIST_FILE = TestTask/Info.plist;
				LD_RUNPATH_SEARCH_PATHS = "$(inherited) @executable_path/Frameworks";
				PRODUCT_BUNDLE_IDENTIFIER = com.TestTask.TestTask;
				PRODUCT_NAME = "$(TARGET_NAME)";
				SWIFT_VERSION = 4.0;
				TARGETED_DEVICE_FAMILY = "1,2";
			};
			name = Debug;
		};
		6BBCAB632057096B00A20C31 /* Release */ = {
			isa = XCBuildConfiguration;
			buildSettings = {
				ASSETCATALOG_COMPILER_APPICON_NAME = AppIcon;
				CODE_SIGN_STYLE = Automatic;
				INFOPLIST_FILE = TestTask/Info.plist;
				LD_RUNPATH_SEARCH_PATHS = "$(inherited) @executable_path/Frameworks";
				PRODUCT_BUNDLE_IDENTIFIER = com.TestTask.TestTask;
				PRODUCT_NAME = "$(TARGET_NAME)";
				SWIFT_VERSION = 4.0;
				TARGETED_DEVICE_FAMILY = "1,2";
			};
			name = Release;
		};
		6BBCAB652057096B00A20C31 /* Debug */ = {
			isa = XCBuildConfiguration;
			buildSettings = {
				ALWAYS_EMBED_SWIFT_STANDARD_LIBRARIES = YES;
				BUNDLE_LOADER = "$(TEST_HOST)";
				CODE_SIGN_STYLE = Automatic;
				INFOPLIST_FILE = TestTaskTests/Info.plist;
				LD_RUNPATH_SEARCH_PATHS = "$(inherited) @executable_path/Frameworks @loader_path/Frameworks";
				PRODUCT_BUNDLE_IDENTIFIER = com.TestTask.TestTaskTests;
				PRODUCT_NAME = "$(TARGET_NAME)";
				SWIFT_VERSION = 4.0;
				TARGETED_DEVICE_FAMILY = "1,2";
				TEST_HOST = "$(BUILT_PRODUCTS_DIR)/TestTask.app/TestTask";
			};
			name = Debug;
		};
		6BBCAB662057096B00A20C31 /* Release */ = {
			isa = XCBuildConfiguration;
			buildSettings = {
				ALWAYS_EMBED_SWIFT_STANDARD_LIBRARIES = YES;
				BUNDLE_LOADER = "$(TEST_HOST)";
				CODE_SIGN_STYLE = Automatic;
				INFOPLIST_FILE = TestTaskTests/Info.plist;
				LD_RUNPATH_SEARCH_PATHS = "$(inherited) @executable_path/Frameworks @loader_path/Frameworks";
				PRODUCT_BUNDLE_IDENTIFIER = com.TestTask.TestTaskTests;
				PRODUCT_NAME = "$(TARGET_NAME)";
				SWIFT_VERSION = 4.0;
				TARGETED_DEVICE_FAMILY = "1,2";
				TEST_HOST = "$(BUILT_PRODUCTS_DIR)/TestTask.app/TestTask";
			};
			name = Release;
		};
		6BBCAB682057096B00A20C31 /* Debug */ = {
			isa = XCBuildConfiguration;
			buildSettings = {
				ALWAYS_EMBED_SWIFT_STANDARD_LIBRARIES = YES;
				CODE_SIGN_STYLE = Automatic;
				INFOPLIST_FILE = TestTaskUITests/Info.plist;
				LD_RUNPATH_SEARCH_PATHS = "$(inherited) @executable_path/Frameworks @loader_path/Frameworks";
				PRODUCT_BUNDLE_IDENTIFIER = com.TestTask.TestTaskUITests;
				PRODUCT_NAME = "$(TARGET_NAME)";
				SWIFT_VERSION = 4.0;
				TARGETED_DEVICE_FAMILY = "1,2";
				TEST_TARGET_NAME = TestTask;
			};
			name = Debug;
		};
		6BBCAB692057096B00A20C31 /* Release */ = {
			isa = XCBuildConfiguration;
			buildSettings = {
				ALWAYS_EMBED_SWIFT_STANDARD_LIBRARIES = YES;
				CODE_SIGN_STYLE = Automatic;
				INFOPLIST_FILE = TestTaskUITests/Info.plist;
				LD_RUNPATH_SEARCH_PATHS = "$(inherited) @executable_path/Frameworks @loader_path/Frameworks";
				PRODUCT_BUNDLE_IDENTIFIER = com.TestTask.TestTaskUITests;
				PRODUCT_NAME = "$(TARGET_NAME)";
				SWIFT_VERSION = 4.0;
				TARGETED_DEVICE_FAMILY = "1,2";
				TEST_TARGET_NAME = TestTask;
			};
			name = Release;
		};
/* End XCBuildConfiguration section */

/* Begin XCConfigurationList section */
		6BBCAB342057096A00A20C31 /* Build configuration list for PBXProject "TestTask" */ = {
			isa = XCConfigurationList;
			buildConfigurations = (
				6BBCAB5F2057096B00A20C31 /* Debug */,
				6BBCAB602057096B00A20C31 /* Release */,
			);
			defaultConfigurationIsVisible = 0;
			defaultConfigurationName = Release;
		};
		6BBCAB612057096B00A20C31 /* Build configuration list for PBXNativeTarget "TestTask" */ = {
			isa = XCConfigurationList;
			buildConfigurations = (
				6BBCAB622057096B00A20C31 /* Debug */,
				6BBCAB632057096B00A20C31 /* Release */,
			);
			defaultConfigurationIsVisible = 0;
			defaultConfigurationName = Release;
		};
		6BBCAB642057096B00A20C31 /* Build configuration list for PBXNativeTarget "TestTaskTests" */ = {
			isa = XCConfigurationList;
			buildConfigurations = (
				6BBCAB652057096B00A20C31 /* Debug */,
				6BBCAB662057096B00A20C31 /* Release */,
			);
			defaultConfigurationIsVisible = 0;
			defaultConfigurationName = Release;
		};
		6BBCAB672057096B00A20C31 /* Build configuration list for PBXNativeTarget "TestTaskUITests" */ = {
			isa = XCConfigurationList;
			buildConfigurations = (
				6BBCAB682057096B00A20C31 /* Debug */,
				6BBCAB692057096B00A20C31 /* Release */,
			);
			defaultConfigurationIsVisible = 0;
			defaultConfigurationName = Release;
		};
/* End XCConfigurationList section */
	};
	rootObject = 6BBCAB312057096A00A20C31 /* Project object */;
}
